
Microsoft Visual Studio Solution File, Format Version 11.00
# Visual Studio 2010
Project("{FAE04EC0-301F-11D3-BF4B-00C04F79EFBC}") = "Bai4", "Bai4\Bai4.csproj", "{E02EB571-8517-4B1F-A57F-26F76BEA2437}"
EndProject
Global
	GlobalSection(SolutionConfigurationPlatforms) = preSolution
		Debug|x86 = Debug|x86
		Release|x86 = Release|x86
	EndGlobalSection
	GlobalSection(ProjectConfigurationPlatforms) = postSolution
		{E02EB571-8517-4B1F-A57F-26F76BEA2437}.Debug|x86.ActiveCfg = Debug|x86
		{E02EB571-8517-4B1F-A57F-26F76BEA2437}.Debug|x86.Build.0 = Debug|x86
		{E02EB571-8517-4B1F-A57F-26F76BEA2437}.Release|x86.ActiveCfg = Release|x86
		{E02EB571-8517-4B1F-A57F-26F76BEA2437}.Release|x86.Build.0 = Release|x86
	EndGlobalSection
	GlobalSection(SolutionProperties) = preSolution
		HideSolutionNode = FALSE
	EndGlobalSection
EndGlobal
